lockfileVersion: '9.0'

settings:
  autoInstallPeers: true
  excludeLinksFromLockfile: false

importers:

  .:
    devDependencies:
      '@biomejs/biome':
        specifier: ^2.3.12
        version: 2.3.12
      '@tsconfig/node22':
        specifier: ^22.0.5
        version: 22.0.5
      '@types/node':
        specifier: ^22.19.7
        version: 22.19.7
      tsdown:
        specifier: ^0.20.1
        version: 0.20.1(typescript@5.9.3)
      tsx:
        specifier: ^4.21.0
        version: 4.21.0
      turbo:
        specifier: ^2.7.6
        version: 2.7.6
      typescript:
        specifier: ^5.9.3
        version: 5.9.3

packages:

  '@babel/generator@8.0.0-beta.4':
    resolution: {integrity: sha512-5xRfRZk6wx1BRu2XnTE8cTh2mx1ixrZ3/vpn7p/RCJpgctL6pexVVHE3eqtwlYvHhPAuOYCAlnsAyXpBdmfh5Q==}
    engines: {node: ^20.19.0 || >=22.12.0}

  '@babel/helper-string-parser@8.0.0-beta.4':
    resolution: {integrity: sha512-FGwbdQ/I2nJXXfyxa7dT0Fr/zPWwgX7m+hNVj0HrIHYJtyLxSQeQY1Kd8QkAYviQJV3OWFlRLuGd5epF03bdQg==}
    engines: {node: ^20.19.0 || >=22.12.0}

  '@babel/helper-validator-identifier@8.0.0-beta.4':
    resolution: {integrity: sha512-6t0IaUEzlinbLmsGIvBZIHEJGjuchx+cMj+FbS78zL17tucYervgbwO07V5/CgBenVraontpmyMCTVyqCfxhFQ==}
    engines: {node: ^20.19.0 || >=22.12.0}

  '@babel/parser@8.0.0-beta.4':
    resolution: {integrity: sha512-fBcUqUN3eenLyg25QFkOwY1lmV6L0RdG92g6gxyS2CVCY8kHdibkQz1+zV3bLzxcvNnfHoi3i9n5Dci+g93acg==}
    engines: {node: ^20.19.0 || >=22.12.0}
    hasBin: true

  '@babel/types@8.0.0-beta.4':
    resolution: {integrity: sha512-xjk2xqYp25ePzAs0I08hN2lrbUDDQFfCjwq6MIEa8HwHa0WK8NfNtdvtXod8Ku2CbE1iui7qwWojGvjQiyrQeA==}
    engines: {node: ^20.19.0 || >=22.12.0}

  '@biomejs/biome@2.3.12':
    resolution: {integrity: sha512-AR7h4aSlAvXj7TAajW/V12BOw2EiS0AqZWV5dGozf4nlLoUF/ifvD0+YgKSskT0ylA6dY1A8AwgP8kZ6yaCQnA==}
    engines: {node: '>=14.21.3'}
    hasBin: true

  '@biomejs/cli-darwin-arm64@2.3.12':
    resolution: {integrity: sha512-cO6fn+KiMBemva6EARDLQBxeyvLzgidaFRJi8G7OeRqz54kWK0E+uSjgFaiHlc3DZYoa0+1UFE8mDxozpc9ieg==}
    engines: {node: '>=14.21.3'}
    cpu: [arm64]
    os: [darwin]

  '@biomejs/cli-darwin-x64@2.3.12':
    resolution: {integrity: sha512-/fiF/qmudKwSdvmSrSe/gOTkW77mHHkH8Iy7YC2rmpLuk27kbaUOPa7kPiH5l+3lJzTUfU/t6x1OuIq/7SGtxg==}
    engines: {node: '>=14.21.3'}
    cpu: [x64]
    os: [darwin]

  '@biomejs/cli-linux-arm64-musl@2.3.12':
    resolution: {integrity: sha512-aqkeSf7IH+wkzFpKeDVPSXy9uDjxtLpYA6yzkYsY+tVjwFFirSuajHDI3ul8en90XNs1NA0n8kgBrjwRi5JeyA==}
    engines: {node: '>=14.21.3'}
    cpu: [arm64]
    os: [linux]

  '@biomejs/cli-linux-arm64@2.3.12':
    resolution: {integrity: sha512-nbOsuQROa3DLla5vvsTZg+T5WVPGi9/vYxETm9BOuLHBJN3oWQIg3MIkE2OfL18df1ZtNkqXkH6Yg9mdTPem7A==}
    engines: {node: '>=14.21.3'}
    cpu: [arm64]
    os: [linux]

  '@biomejs/cli-linux-x64-musl@2.3.12':
    resolution: {integrity: sha512-kVGWtupRRsOjvw47YFkk5mLiAdpCPMWBo1jOwAzh+juDpUb2sWarIp+iq+CPL1Wt0LLZnYtP7hH5kD6fskcxmg==}
    engines: {node: '>=14.21.3'}
    cpu: [x64]
    os: [linux]

  '@biomejs/cli-linux-x64@2.3.12':
    resolution: {integrity: sha512-CQtqrJ+qEEI8tgRSTjjzk6wJAwfH3wQlkIGsM5dlecfRZaoT+XCms/mf7G4kWNexrke6mnkRzNy6w8ebV177ow==}
    engines: {node: '>=14.21.3'}
    cpu: [x64]
    os: [linux]

  '@biomejs/cli-win32-arm64@2.3.12':
    resolution: {integrity: sha512-Re4I7UnOoyE4kHMqpgtG6UvSBGBbbtvsOvBROgCCoH7EgANN6plSQhvo2W7OCITvTp7gD6oZOyZy72lUdXjqZg==}
    engines: {node: '>=14.21.3'}
    cpu: [arm64]
    os: [win32]

  '@biomejs/cli-win32-x64@2.3.12':
    resolution: {integrity: sha512-qqGVWqNNek0KikwPZlOIoxtXgsNGsX+rgdEzgw82Re8nF02W+E2WokaQhpF5TdBh/D/RQ3TLppH+otp6ztN0lw==}
    engines: {node: '>=14.21.3'}
    cpu: [x64]
    os: [win32]

  '@emnapi/core@1.8.1':
    resolution: {integrity: sha512-AvT9QFpxK0Zd8J0jopedNm+w/2fIzvtPKPjqyw9jwvBaReTTqPBk9Hixaz7KbjimP+QNz605/XnjFcDAL2pqBg==}

  '@emnapi/runtime@1.8.1':
    resolution: {integrity: sha512-mehfKSMWjjNol8659Z8KxEMrdSJDDot5SXMq00dM8BN4o+CLNXQ0xH2V7EchNHV4RmbZLmmPdEaXZc5H2FXmDg==}

  '@emnapi/wasi-threads@1.1.0':
    resolution: {integrity: sha512-WI0DdZ8xFSbgMjR1sFsKABJ/C5OnRrjT06JXbZKexJGrDuPTzZdDYfFlsgcCXCyf+suG5QU2e/y1Wo2V/OapLQ==}

  '@esbuild/aix-ppc64@0.27.2':
    resolution: {integrity: sha512-GZMB+a0mOMZs4MpDbj8RJp4cw+w1WV5NYD6xzgvzUJ5Ek2jerwfO2eADyI6ExDSUED+1X8aMbegahsJi+8mgpw==}
    engines: {node: '>=18'}
    cpu: [ppc64]
    os: [aix]

  '@esbuild/android-arm64@0.27.2':
    resolution: {integrity: sha512-pvz8ZZ7ot/RBphf8fv60ljmaoydPU12VuXHImtAs0XhLLw+EXBi2BLe3OYSBslR4rryHvweW5gmkKFwTiFy6KA==}
    engines: {node: '>=18'}
    cpu: [arm64]
    os: [android]

  '@esbuild/android-arm@0.27.2':
    resolution: {integrity: sha512-DVNI8jlPa7Ujbr1yjU2PfUSRtAUZPG9I1RwW4F4xFB1Imiu2on0ADiI/c3td+KmDtVKNbi+nffGDQMfcIMkwIA==}
    engines: {node: '>=18'}
    cpu: [arm]
    os: [android]

  '@esbuild/android-x64@0.27.2':
    resolution: {integrity: sha512-z8Ank4Byh4TJJOh4wpz8g2vDy75zFL0TlZlkUkEwYXuPSgX8yzep596n6mT7905kA9uHZsf/o2OJZubl2l3M7A==}
    engines: {node: '>=18'}
    cpu: [x64]
    os: [android]

  '@esbuild/darwin-arm64@0.27.2':
    resolution: {integrity: sha512-davCD2Zc80nzDVRwXTcQP/28fiJbcOwvdolL0sOiOsbwBa72kegmVU0Wrh1MYrbuCL98Omp5dVhQFWRKR2ZAlg==}
    engines: {node: '>=18'}
    cpu: [arm64]
    os: [darwin]

  '@esbuild/darwin-x64@0.27.2':
    resolution: {integrity: sha512-ZxtijOmlQCBWGwbVmwOF/UCzuGIbUkqB1faQRf5akQmxRJ1ujusWsb3CVfk/9iZKr2L5SMU5wPBi1UWbvL+VQA==}
    engines: {node: '>=18'}
    cpu: [x64]
    os: [darwin]

  '@esbuild/freebsd-arm64@0.27.2':
    resolution: {integrity: sha512-lS/9CN+rgqQ9czogxlMcBMGd+l8Q3Nj1MFQwBZJyoEKI50XGxwuzznYdwcav6lpOGv5BqaZXqvBSiB/kJ5op+g==}
    engines: {node: '>=18'}
    cpu: [arm64]
    os: [freebsd]

  '@esbuild/freebsd-x64@0.27.2':
    resolution: {integrity: sha512-tAfqtNYb4YgPnJlEFu4c212HYjQWSO/w/h/lQaBK7RbwGIkBOuNKQI9tqWzx7Wtp7bTPaGC6MJvWI608P3wXYA==}
    engines: {node: '>=18'}
    cpu: [x64]
    os: [freebsd]

  '@esbuild/linux-arm64@0.27.2':
    resolution: {integrity: sha512-hYxN8pr66NsCCiRFkHUAsxylNOcAQaxSSkHMMjcpx0si13t1LHFphxJZUiGwojB1a/Hd5OiPIqDdXONia6bhTw==}
    engines: {node: '>=18'}
    cpu: [arm64]
    os: [linux]

  '@esbuild/linux-arm@0.27.2':
    resolution: {integrity: sha512-vWfq4GaIMP9AIe4yj1ZUW18RDhx6EPQKjwe7n8BbIecFtCQG4CfHGaHuh7fdfq+y3LIA2vGS/o9ZBGVxIDi9hw==}
    engines: {node: '>=18'}
    cpu: [arm]
    os: [linux]

  '@esbuild/linux-ia32@0.27.2':
    resolution: {integrity: sha512-MJt5BRRSScPDwG2hLelYhAAKh9imjHK5+NE/tvnRLbIqUWa+0E9N4WNMjmp/kXXPHZGqPLxggwVhz7QP8CTR8w==}
    engines: {node: '>=18'}
    cpu: [ia32]
    os: [linux]

  '@esbuild/linux-loong64@0.27.2':
    resolution: {integrity: sha512-lugyF1atnAT463aO6KPshVCJK5NgRnU4yb3FUumyVz+cGvZbontBgzeGFO1nF+dPueHD367a2ZXe1NtUkAjOtg==}
    engines: {node: '>=18'}
    cpu: [loong64]
    os: [linux]

  '@esbuild/linux-mips64el@0.27.2':
    resolution: {integrity: sha512-nlP2I6ArEBewvJ2gjrrkESEZkB5mIoaTswuqNFRv/WYd+ATtUpe9Y09RnJvgvdag7he0OWgEZWhviS1OTOKixw==}
    engines: {node: '>=18'}
    cpu: [mips64el]
    os: [linux]

  '@esbuild/linux-ppc64@0.27.2':
    resolution: {integrity: sha512-C92gnpey7tUQONqg1n6dKVbx3vphKtTHJaNG2Ok9lGwbZil6DrfyecMsp9CrmXGQJmZ7iiVXvvZH6Ml5hL6XdQ==}
    engines: {node: '>=18'}
    cpu: [ppc64]
    os: [linux]

  '@esbuild/linux-riscv64@0.27.2':
    resolution: {integrity: sha512-B5BOmojNtUyN8AXlK0QJyvjEZkWwy/FKvakkTDCziX95AowLZKR6aCDhG7LeF7uMCXEJqwa8Bejz5LTPYm8AvA==}
    engines: {node: '>=18'}
    cpu: [riscv64]
    os: [linux]

  '@esbuild/linux-s390x@0.27.2':
    resolution: {integrity: sha512-p4bm9+wsPwup5Z8f4EpfN63qNagQ47Ua2znaqGH6bqLlmJ4bx97Y9JdqxgGZ6Y8xVTixUnEkoKSHcpRlDnNr5w==}
    engines: {node: '>=18'}
    cpu: [s390x]
    os: [linux]

  '@esbuild/linux-x64@0.27.2':
    resolution: {integrity: sha512-uwp2Tip5aPmH+NRUwTcfLb+W32WXjpFejTIOWZFw/v7/KnpCDKG66u4DLcurQpiYTiYwQ9B7KOeMJvLCu/OvbA==}
    engines: {node: '>=18'}
    cpu: [x64]
    os: [linux]

  '@esbuild/netbsd-arm64@0.27.2':
    resolution: {integrity: sha512-Kj6DiBlwXrPsCRDeRvGAUb/LNrBASrfqAIok+xB0LxK8CHqxZ037viF13ugfsIpePH93mX7xfJp97cyDuTZ3cw==}
    engines: {node: '>=18'}
    cpu: [arm64]
    os: [netbsd]

  '@esbuild/netbsd-x64@0.27.2':
    resolution: {integrity: sha512-HwGDZ0VLVBY3Y+Nw0JexZy9o/nUAWq9MlV7cahpaXKW6TOzfVno3y3/M8Ga8u8Yr7GldLOov27xiCnqRZf0tCA==}
    engines: {node: '>=18'}
    cpu: [x64]
    os: [netbsd]

  '@esbuild/openbsd-arm64@0.27.2':
    resolution: {integrity: sha512-DNIHH2BPQ5551A7oSHD0CKbwIA/Ox7+78/AWkbS5QoRzaqlev2uFayfSxq68EkonB+IKjiuxBFoV8ESJy8bOHA==}
    engines: {node: '>=18'}
    cpu: [arm64]
    os: [openbsd]

  '@esbuild/openbsd-x64@0.27.2':
    resolution: {integrity: sha512-/it7w9Nb7+0KFIzjalNJVR5bOzA9Vay+yIPLVHfIQYG/j+j9VTH84aNB8ExGKPU4AzfaEvN9/V4HV+F+vo8OEg==}
    engines: {node: '>=18'}
    cpu: [x64]
    os: [openbsd]

  '@esbuild/openharmony-arm64@0.27.2':
    resolution: {integrity: sha512-LRBbCmiU51IXfeXk59csuX/aSaToeG7w48nMwA6049Y4J4+VbWALAuXcs+qcD04rHDuSCSRKdmY63sruDS5qag==}
    engines: {node: '>=18'}
    cpu: [arm64]
    os: [openharmony]

  '@esbuild/sunos-x64@0.27.2':
    resolution: {integrity: sha512-kMtx1yqJHTmqaqHPAzKCAkDaKsffmXkPHThSfRwZGyuqyIeBvf08KSsYXl+abf5HDAPMJIPnbBfXvP2ZC2TfHg==}
    engines: {node: '>=18'}
    cpu: [x64]
    os: [sunos]

  '@esbuild/win32-arm64@0.27.2':
    resolution: {integrity: sha512-Yaf78O/B3Kkh+nKABUF++bvJv5Ijoy9AN1ww904rOXZFLWVc5OLOfL56W+C8F9xn5JQZa3UX6m+IktJnIb1Jjg==}
    engines: {node: '>=18'}
    cpu: [arm64]
    os: [win32]

  '@esbuild/win32-ia32@0.27.2':
    resolution: {integrity: sha512-Iuws0kxo4yusk7sw70Xa2E2imZU5HoixzxfGCdxwBdhiDgt9vX9VUCBhqcwY7/uh//78A1hMkkROMJq9l27oLQ==}
    engines: {node: '>=18'}
    cpu: [ia32]
    os: [win32]

  '@esbuild/win32-x64@0.27.2':
    resolution: {integrity: sha512-sRdU18mcKf7F+YgheI/zGf5alZatMUTKj/jNS6l744f9u3WFu4v7twcUI9vu4mknF4Y9aDlblIie0IM+5xxaqQ==}
    engines: {node: '>=18'}
    cpu: [x64]
    os: [win32]

  '@jridgewell/gen-mapping@0.3.13':
    resolution: {integrity: sha512-2kkt/7niJ6MgEPxF0bYdQ6etZaA+fQvDcLKckhy1yIQOzaoKjBBjSj63/aLVjYE3qhRt5dvM+uUyfCg6UKCBbA==}

  '@jridgewell/resolve-uri@3.1.2':
    resolution: {integrity: sha512-bRISgCIjP20/tbWSPWMEi54QVPRZExkuD9lJL+UIxUKtwVJA8wW1Trb1jMs1RFXo1CBTNZ/5hpC9QvmKWdopKw==}
    engines: {node: '>=6.0.0'}

  '@jridgewell/sourcemap-codec@1.5.5':
    resolution: {integrity: sha512-cYQ9310grqxueWbl+WuIUIaiUaDcj7WOq5fVhEljNVgRfOUhY9fy2zTvfoqWsnebh8Sl70VScFbICvJnLKB0Og==}

  '@jridgewell/trace-mapping@0.3.31':
    resolution: {integrity: sha512-zzNR+SdQSDJzc8joaeP8QQoCQr8NuYx2dIIytl1QeBEZHJ9uW6hebsrYgbz8hJwUQao3TWCMtmfV8Nu1twOLAw==}

  '@napi-rs/wasm-runtime@1.1.1':
    resolution: {integrity: sha512-p64ah1M1ld8xjWv3qbvFwHiFVWrq1yFvV4f7w+mzaqiR4IlSgkqhcRdHwsGgomwzBH51sRY4NEowLxnaBjcW/A==}

  '@oxc-project/types@0.110.0':
    resolution: {integrity: sha512-6Ct21OIlrEnFEJk5LT4e63pk3btsI6/TusD/GStLi7wYlGJNOl1GI9qvXAnRAxQU9zqA2Oz+UwhfTOU2rPZVow==}

  '@quansync/fs@1.0.0':
    resolution: {integrity: sha512-4TJ3DFtlf1L5LDMaM6CanJ/0lckGNtJcMjQ1NAV6zDmA0tEHKZtxNKin8EgPaVX1YzljbxckyT2tJrpQKAtngQ==}

  '@rolldown/binding-android-arm64@1.0.0-rc.1':
    resolution: {integrity: sha512-He6ZoCfv5D7dlRbrhNBkuMVIHd0GDnjJwbICE1OWpG7G3S2gmJ+eXkcNLJjzjNDpeI2aRy56ou39AJM9AD8YFA==}
    engines: {node: ^20.19.0 || >=22.12.0}
    cpu: [arm64]
    os: [android]

  '@rolldown/binding-darwin-arm64@1.0.0-rc.1':
    resolution: {integrity: sha512-YzJdn08kSOXnj85ghHauH2iHpOJ6eSmstdRTLyaziDcUxe9SyQJgGyx/5jDIhDvtOcNvMm2Ju7m19+S/Rm1jFg==}
    engines: {node: ^20.19.0 || >=22.12.0}
    cpu: [arm64]
    os: [darwin]

  '@rolldown/binding-darwin-x64@1.0.0-rc.1':
    resolution: {integrity: sha512-cIvAbqM+ZVV6lBSKSBtlNqH5iCiW933t1q8j0H66B3sjbe8AxIRetVqfGgcHcJtMzBIkIALlL9fcDrElWLJQcQ==}
    engines: {node: ^20.19.0 || >=22.12.0}
    cpu: [x64]
    os: [darwin]

  '@rolldown/binding-freebsd-x64@1.0.0-rc.1':
    resolution: {integrity: sha512-rVt+B1B/qmKwCl1XD02wKfgh3vQPXRXdB/TicV2w6g7RVAM1+cZcpigwhLarqiVCxDObFZ7UgXCxPC7tpDoRog==}
    engines: {node: ^20.19.0 || >=22.12.0}
    cpu: [x64]
    os: [freebsd]

  '@rolldown/binding-linux-arm-gnueabihf@1.0.0-rc.1':
    resolution: {integrity: sha512-69YKwJJBOFprQa1GktPgbuBOfnn+EGxu8sBJ1TjPER+zhSpYeaU4N07uqmyBiksOLGXsMegymuecLobfz03h8Q==}
    engines: {node: ^20.19.0 || >=22.12.0}
    cpu: [arm]
    os: [linux]

  '@rolldown/binding-linux-arm64-gnu@1.0.0-rc.1':
    resolution: {integrity: sha512-9JDhHUf3WcLfnViFWm+TyorqUtnSAHaCzlSNmMOq824prVuuzDOK91K0Hl8DUcEb9M5x2O+d2/jmBMsetRIn3g==}
    engines: {node: ^20.19.0 || >=22.12.0}
    cpu: [arm64]
    os: [linux]

  '@rolldown/binding-linux-arm64-musl@1.0.0-rc.1':
    resolution: {integrity: sha512-UvApLEGholmxw/HIwmUnLq3CwdydbhaHHllvWiCTNbyGom7wTwOtz5OAQbAKZYyiEOeIXZNPkM7nA4Dtng7CLw==}
    engines: {node: ^20.19.0 || >=22.12.0}
    cpu: [arm64]
    os: [linux]

  '@rolldown/binding-linux-x64-gnu@1.0.0-rc.1':
    resolution: {integrity: sha512-uVctNgZHiGnJx5Fij7wHLhgw4uyZBVi6mykeWKOqE7bVy9Hcxn0fM/IuqdMwk6hXlaf9fFShDTFz2+YejP+x0A==}
    engines: {node: ^20.19.0 || >=22.12.0}
    cpu: [x64]
    os: [linux]

  '@rolldown/binding-linux-x64-musl@1.0.0-rc.1':
    resolution: {integrity: sha512-T6Eg0xWwcxd/MzBcuv4Z37YVbUbJxy5cMNnbIt/Yr99wFwli30O4BPlY8hKeGyn6lWNtU0QioBS46lVzDN38bg==}
    engines: {node: ^20.19.0 || >=22.12.0}
    cpu: [x64]
    os: [linux]

  '@rolldown/binding-openharmony-arm64@1.0.0-rc.1':
    resolution: {integrity: sha512-PuGZVS2xNJyLADeh2F04b+Cz4NwvpglbtWACgrDOa5YDTEHKwmiTDjoD5eZ9/ptXtcpeFrMqD2H4Zn33KAh1Eg==}
    engines: {node: ^20.19.0 || >=22.12.0}
    cpu: [arm64]
    os: [openharmony]

  '@rolldown/binding-wasm32-wasi@1.0.0-rc.1':
    resolution: {integrity: sha512-2mOxY562ihHlz9lEXuaGEIDCZ1vI+zyFdtsoa3M62xsEunDXQE+DVPO4S4x5MPK9tKulG/aFcA/IH5eVN257Cw==}
    engines: {node: '>=14.0.0'}
    cpu: [wasm32]

  '@rolldown/binding-win32-arm64-msvc@1.0.0-rc.1':
    resolution: {integrity: sha512-oQVOP5cfAWZwRD0Q3nGn/cA9FW3KhMMuQ0NIndALAe6obqjLhqYVYDiGGRGrxvnjJsVbpLwR14gIUYnpIcHR1g==}
    engines: {node: ^20.19.0 || >=22.12.0}
    cpu: [arm64]
    os: [win32]

  '@rolldown/binding-win32-x64-msvc@1.0.0-rc.1':
    resolution: {integrity: sha512-Ydsxxx++FNOuov3wCBPaYjZrEvKOOGq3k+BF4BPridhg2pENfitSRD2TEuQ8i33bp5VptuNdC9IzxRKU031z5A==}
    engines: {node: ^20.19.0 || >=22.12.0}
    cpu: [x64]
    os: [win32]

  '@rolldown/pluginutils@1.0.0-rc.1':
    resolution: {integrity: sha512-UTBjtTxVOhodhzFVp/ayITaTETRHPUPYZPXQe0WU0wOgxghMojXxYjOiPOauKIYNWJAWS2fd7gJgGQK8GU8vDA==}

  '@tsconfig/node22@22.0.5':
    resolution: {integrity: sha512-hLf2ld+sYN/BtOJjHUWOk568dvjFQkHnLNa6zce25GIH+vxKfvTgm3qpaH6ToF5tu/NN0IH66s+Bb5wElHrLcw==}

  '@tybys/wasm-util@0.10.1':
    resolution: {integrity: sha512-9tTaPJLSiejZKx+Bmog4uSubteqTvFrVrURwkmHixBo0G4seD0zUxp98E1DzUBJxLQ3NPwXrGKDiVjwx/DpPsg==}

  '@types/estree@1.0.8':
    resolution: {integrity: sha512-dWHzHa2WqEXI/O1E9OjrocMTKJl2mSrEolh1Iomrv6U+JuNwaHXsXx9bLu5gG7BUWFIN0skIQJQ/L1rIex4X6w==}

  '@types/jsesc@2.5.1':
    resolution: {integrity: sha512-9VN+6yxLOPLOav+7PwjZbxiID2bVaeq0ED4qSQmdQTdjnXJSaCVKTR58t15oqH1H5t8Ng2ZX1SabJVoN9Q34bw==}

  '@types/node@22.19.7':
    resolution: {integrity: sha512-MciR4AKGHWl7xwxkBa6xUGxQJ4VBOmPTF7sL+iGzuahOFaO0jHCsuEfS80pan1ef4gWId1oWOweIhrDEYLuaOw==}

  ansis@4.2.0:
    resolution: {integrity: sha512-HqZ5rWlFjGiV0tDm3UxxgNRqsOTniqoKZu0pIAfh7TZQMGuZK+hH0drySty0si0QXj1ieop4+SkSfPZBPPkHig==}
    engines: {node: '>=14'}

  ast-kit@3.0.0-beta.1:
    resolution: {integrity: sha512-trmleAnZ2PxN/loHWVhhx1qeOHSRXq4TDsBBxq3GqeJitfk3+jTQ+v/C1km/KYq9M7wKqCewMh+/NAvVH7m+bw==}
    engines: {node: '>=20.19.0'}

  birpc@4.0.0:
    resolution: {integrity: sha512-LShSxJP0KTmd101b6DRyGBj57LZxSDYWKitQNW/mi8GRMvZb078Uf9+pveax1DrVL89vm7mWe+TovdI/UDOuPw==}

  cac@6.7.14:
    resolution: {integrity: sha512-b6Ilus+c3RrdDk+JhLKUAQfzzgLEPy6wcXqS7f/xe1EETvsDP6GORG7SFuOs6cID5YkqchW/LXZbX5bc8j7ZcQ==}
    engines: {node: '>=8'}

  defu@6.1.4:
    resolution: {integrity: sha512-mEQCMmwJu317oSz8CwdIOdwf3xMif1ttiM8LTufzc3g6kR+9Pe236twL8j3IYT1F7GfRgGcW6MWxzZjLIkuHIg==}

  dts-resolver@2.1.3:
    resolution: {integrity: sha512-bihc7jPC90VrosXNzK0LTE2cuLP6jr0Ro8jk+kMugHReJVLIpHz/xadeq3MhuwyO4TD4OA3L1Q8pBBFRc08Tsw==}
    engines: {node: '>=20.19.0'}
    peerDependencies:
      oxc-resolver: '>=11.0.0'
    peerDependenciesMeta:
      oxc-resolver:
        optional: true

  empathic@2.0.0:
    resolution: {integrity: sha512-i6UzDscO/XfAcNYD75CfICkmfLedpyPDdozrLMmQc5ORaQcdMoc21OnlEylMIqI7U8eniKrPMxxtj8k0vhmJhA==}
    engines: {node: '>=14'}

  esbuild@0.27.2:
    resolution: {integrity: sha512-HyNQImnsOC7X9PMNaCIeAm4ISCQXs5a5YasTXVliKv4uuBo1dKrG0A+uQS8M5eXjVMnLg3WgXaKvprHlFJQffw==}
    engines: {node: '>=18'}
    hasBin: true

  estree-walker@3.0.3:
    resolution: {integrity: sha512-7RUKfXgSMMkzt6ZuXmqapOurLGPPfgj6l9uRZ7lRGolvk0y2yocc35LdcxKC5PQZdn2DMqioAQ2NoWcrTKmm6g==}

  fdir@6.5.0:
    resolution: {integrity: sha512-tIbYtZbucOs0BRGqPJkshJUYdL+SDH7dVM8gjy+ERp3WAUjLEFJE+02kanyHtwjWOnwrKYBiwAmM0p4kLJAnXg==}
    engines: {node: '>=12.0.0'}
    peerDependencies:
      picomatch: ^3 || ^4
    peerDependenciesMeta:
      picomatch:
        optional: true

  fsevents@2.3.3:
    resolution: {integrity: sha512-5xoDfX+fL7faATnagmWPpbFtwh/R77WmMMqqHGS65C3vvB0YHrgF+B1YmZ3441tMj5n63k0212XNoJwzlhffQw==}
    engines: {node: ^8.16.0 || ^10.6.0 || >=11.0.0}
    os: [darwin]

  get-tsconfig@4.13.0:
    resolution: {integrity: sha512-1VKTZJCwBrvbd+Wn3AOgQP/2Av+TfTCOlE4AcRJE72W1ksZXbAx8PPBR9RzgTeSPzlPMHrbANMH3LbltH73wxQ==}

  hookable@6.0.1:
    resolution: {integrity: sha512-uKGyY8BuzN/a5gvzvA+3FVWo0+wUjgtfSdnmjtrOVwQCZPHpHDH2WRO3VZSOeluYrHoDCiXFffZXs8Dj1ULWtw==}

  import-without-cache@0.2.5:
    resolution: {integrity: sha512-B6Lc2s6yApwnD2/pMzFh/d5AVjdsDXjgkeJ766FmFuJELIGHNycKRj+l3A39yZPM4CchqNCB4RITEAYB1KUM6A==}
    engines: {node: '>=20.19.0'}

  jsesc@3.1.0:
    resolution: {integrity: sha512-/sM3dO2FOzXjKQhJuo0Q173wf2KOo8t4I8vHy6lF9poUp7bKT0/NHE8fPX23PwfhnykfqnC2xRxOnVw5XuGIaA==}
    engines: {node: '>=6'}
    hasBin: true

  obug@2.1.1:
    resolution: {integrity: sha512-uTqF9MuPraAQ+IsnPf366RG4cP9RtUi7MLO1N3KEc+wb0a6yKpeL0lmk2IB1jY5KHPAlTc6T/JRdC/YqxHNwkQ==}

  pathe@2.0.3:
    resolution: {integrity: sha512-WUjGcAqP1gQacoQe+OBJsFA7Ld4DyXuUIjZ5cc75cLHvJ7dtNsTugphxIADwspS+AraAUePCKrSVtPLFj/F88w==}

  picomatch@4.0.3:
    resolution: {integrity: sha512-5gTmgEY/sqK6gFXLIsQNH19lWb4ebPDLA4SdLP7dsWkIXHWlG66oPuVvXSGFPppYZz8ZDZq0dYYrbHfBCVUb1Q==}
    engines: {node: '>=12'}

  quansync@1.0.0:
    resolution: {integrity: sha512-5xZacEEufv3HSTPQuchrvV6soaiACMFnq1H8wkVioctoH3TRha9Sz66lOxRwPK/qZj7HPiSveih9yAyh98gvqA==}

  resolve-pkg-maps@1.0.0:
    resolution: {integrity: sha512-seS2Tj26TBVOC2NIc2rOe2y2ZO7efxITtLZcGSOnHHNOQ7CkiUBfw0Iw2ck6xkIhPwLhKNLS8BO+hEpngQlqzw==}

  rolldown-plugin-dts@0.21.6:
    resolution: {integrity: sha512-gePhzvZJRB0JIb/NyngEsMt3FPQtM4BXCLkxz7u1ggge2PmlZ7uOwmHjeBEsBiBRjOY12SdtEl7BmI3T1779ZA==}
    engines: {node: '>=20.19.0'}
    peerDependencies:
      '@ts-macro/tsc': ^0.3.6
      '@typescript/native-preview': '>=7.0.0-dev.20250601.1'
      rolldown: ^1.0.0-beta.57
      typescript: ^5.0.0
      vue-tsc: ~3.2.0
    peerDependenciesMeta:
      '@ts-macro/tsc':
        optional: true
      '@typescript/native-preview':
        optional: true
      typescript:
        optional: true
      vue-tsc:
        optional: true

  rolldown@1.0.0-rc.1:
    resolution: {integrity: sha512-M3AeZjYE6UclblEf531Hch0WfVC/NOL43Cc+WdF3J50kk5/fvouHhDumSGTh0oRjbZ8C4faaVr5r6Nx1xMqDGg==}
    engines: {node: ^20.19.0 || >=22.12.0}
    hasBin: true

  semver@7.7.3:
    resolution: {integrity: sha512-SdsKMrI9TdgjdweUSR9MweHA4EJ8YxHn8DFaDisvhVlUOe4BF1tLD7GAj0lIqWVl+dPb/rExr0Btby5loQm20Q==}
    engines: {node: '>=10'}
    hasBin: true

  tinyexec@1.0.2:
    resolution: {integrity: sha512-W/KYk+NFhkmsYpuHq5JykngiOCnxeVL8v8dFnqxSD8qEEdRfXk1SDM6JzNqcERbcGYj9tMrDQBYV9cjgnunFIg==}
    engines: {node: '>=18'}

  tinyglobby@0.2.15:
    resolution: {integrity: sha512-j2Zq4NyQYG5XMST4cbs02Ak8iJUdxRM0XI5QyxXuZOzKOINmWurp3smXu3y5wDcJrptwpSjgXHzIQxR0omXljQ==}
    engines: {node: '>=12.0.0'}

  tree-kill@1.2.2:
    resolution: {integrity: sha512-L0Orpi8qGpRG//Nd+H90vFB+3iHnue1zSSGmNOOCh1GLJ7rUKVwV2HvijphGQS2UmhUZewS9VgvxYIdgr+fG1A==}
    hasBin: true

  tsdown@0.20.1:
    resolution: {integrity: sha512-Wo1BzqNQVZ6SFQV8rjQBwMmNubO+yV3F+vp2WNTjEaS4S5CT1C1dHtUbeFMrCEasZpGy5w6TshpehNnfTe8QBQ==}
    engines: {node: '>=20.19.0'}
    hasBin: true
    peerDependencies:
      '@arethetypeswrong/core': ^0.18.1
      '@vitejs/devtools': '*'
      publint: ^0.3.0
      typescript: ^5.0.0
      unplugin-lightningcss: ^0.4.0
      unplugin-unused: ^0.5.0
    peerDependenciesMeta:
      '@arethetypeswrong/core':
        optional: true
      '@vitejs/devtools':
        optional: true
      publint:
        optional: true
      typescript:
        optional: true
      unplugin-lightningcss:
        optional: true
      unplugin-unused:
        optional: true

  tslib@2.8.1:
    resolution: {integrity: sha512-oJFu94HQb+KVduSUQL7wnpmqnfmLsOA/nAh6b6EH0wCEoK0/mPeXU6c3wKDV83MkOuHPRHtSXKKU99IBazS/2w==}

  tsx@4.21.0:
    resolution: {integrity: sha512-5C1sg4USs1lfG0GFb2RLXsdpXqBSEhAaA/0kPL01wxzpMqLILNxIxIOKiILz+cdg/pLnOUxFYOR5yhHU666wbw==}
    engines: {node: '>=18.0.0'}
    hasBin: true

  turbo-darwin-64@2.7.6:
    resolution: {integrity: sha512-bYu0qnWju2Ha3EbIkPCk1SMLT3sltKh1P/Jy5FER6BmH++H5z+T5MHh3W1Xoers9rk4N1VdKvog9FO1pxQyjhw==}
    cpu: [x64]
    os: [darwin]

  turbo-darwin-arm64@2.7.6:
    resolution: {integrity: sha512-KCxTf3Y1hgNLYIWRLw8bwH8Zie9RyCGoxAlXYsCBI/YNqBSR+ZZK9KYzFxAqDaVaNvTwLFv3rJRGsXOFWg4+Uw==}
    cpu: [arm64]
    os: [darwin]

  turbo-linux-64@2.7.6:
    resolution: {integrity: sha512-vjoU8zIfNgvJR3cMitgw7inEoi6bmuVuFawDl5yKtxjAEhDktFdRBpGS3WojD4l3BklBbIK689ssXcGf21LxRA==}
    cpu: [x64]
    os: [linux]

  turbo-linux-arm64@2.7.6:
    resolution: {integrity: sha512-TcMpBvTqZf+1DptrVYLbZls7WY1UVNDTGaf0bo7/GCgWYv5eZHCVo4Td7kCJeDU4glbXg67REX0md0S0V6ghMg==}
    cpu: [arm64]
    os: [linux]

  turbo-windows-64@2.7.6:
    resolution: {integrity: sha512-1/MhkYldiihjneY8QnnDMbAkHXn/udTWSVYS94EMlkE9AShozsLTTOT1gDOpX06EfEW5njP09suhMvxbvwuwpQ==}
    cpu: [x64]
    os: [win32]

  turbo-windows-arm64@2.7.6:
    resolution: {integrity: sha512-0wDVnUJLFAWm4ZzOQFDkbyyUqaszorTGf3Rdc22IRIyJTTLd6ajqdb+cWD89UZ1RKr953+PZR1gqgWQY4PDuhA==}
    cpu: [arm64]
    os: [win32]

  turbo@2.7.6:
    resolution: {integrity: sha512-PO9AvJLEsNLO+EYhF4zB+v10hOjsJe5kJW+S6tTbRv+TW7gf1Qer4mfjP9h3/y9h8ZiPvOrenxnEgDtFgaM5zw==}
    hasBin: true

  typescript@5.9.3:
    resolution: {integrity: sha512-jl1vZzPDinLr9eUt3J/t7V6FgNEw9QjvBPdysz9KfQDD41fQrC2Y4vKQdiaUpFT4bXlb1RHhLpp8wtm6M5TgSw==}
    engines: {node: '>=14.17'}
    hasBin: true

  unconfig-core@7.4.2:
    resolution: {integrity: sha512-VgPCvLWugINbXvMQDf8Jh0mlbvNjNC6eSUziHsBCMpxR05OPrNrvDnyatdMjRgcHaaNsCqz+wjNXxNw1kRLHUg==}

  undici-types@6.21.0:
    resolution: {integrity: sha512-iwDZqg0QAGrg9Rav5H4n0M64c3mkR59cJ6wQp+7C4nI0gsmExaedaYLNO44eT4AtBBwjbTiGPMlt2Md0T9H9JQ==}

  unrun@0.2.26:
    resolution: {integrity: sha512-A3DQLBcDyTui4Hlaoojkldg+8x+CIR+tcSHY0wzW+CgB4X/DNyH58jJpXp1B/EkE+yG6tU8iH1mWsLtwFU3IQg==}
    engines: {node: '>=20.19.0'}
    hasBin: true
    peerDependencies:
      synckit: ^0.11.11
    peerDependenciesMeta:
      synckit:
        optional: true

snapshots:

  '@babel/generator@8.0.0-beta.4':
    dependencies:
      '@babel/parser': 8.0.0-beta.4
      '@babel/types': 8.0.0-beta.4
      '@jridgewell/gen-mapping': 0.3.13
      '@jridgewell/trace-mapping': 0.3.31
      '@types/jsesc': 2.5.1
      jsesc: 3.1.0

  '@babel/helper-string-parser@8.0.0-beta.4': {}

  '@babel/helper-validator-identifier@8.0.0-beta.4': {}

  '@babel/parser@8.0.0-beta.4':
    dependencies:
      '@babel/types': 8.0.0-beta.4

  '@babel/types@8.0.0-beta.4':
    dependencies:
      '@babel/helper-string-parser': 8.0.0-beta.4
      '@babel/helper-validator-identifier': 8.0.0-beta.4

  '@biomejs/biome@2.3.12':
    optionalDependencies:
      '@biomejs/cli-darwin-arm64': 2.3.12
      '@biomejs/cli-darwin-x64': 2.3.12
      '@biomejs/cli-linux-arm64': 2.3.12
      '@biomejs/cli-linux-arm64-musl': 2.3.12
      '@biomejs/cli-linux-x64': 2.3.12
      '@biomejs/cli-linux-x64-musl': 2.3.12
      '@biomejs/cli-win32-arm64': 2.3.12
      '@biomejs/cli-win32-x64': 2.3.12

  '@biomejs/cli-darwin-arm64@2.3.12':
    optional: true

  '@biomejs/cli-darwin-x64@2.3.12':
    optional: true

  '@biomejs/cli-linux-arm64-musl@2.3.12':
    optional: true

  '@biomejs/cli-linux-arm64@2.3.12':
    optional: true

  '@biomejs/cli-linux-x64-musl@2.3.12':
    optional: true

  '@biomejs/cli-linux-x64@2.3.12':
    optional: true

  '@biomejs/cli-win32-arm64@2.3.12':
    optional: true

  '@biomejs/cli-win32-x64@2.3.12':
    optional: true

  '@emnapi/core@1.8.1':
    dependencies:
      '@emnapi/wasi-threads': 1.1.0
      tslib: 2.8.1
    optional: true

  '@emnapi/runtime@1.8.1':
    dependencies:
      tslib: 2.8.1
    optional: true

  '@emnapi/wasi-threads@1.1.0':
    dependencies:
      tslib: 2.8.1
    optional: true

  '@esbuild/aix-ppc64@0.27.2':
    optional: true

  '@esbuild/android-arm64@0.27.2':
    optional: true

  '@esbuild/android-arm@0.27.2':
    optional: true

  '@esbuild/android-x64@0.27.2':
    optional: true

  '@esbuild/darwin-arm64@0.27.2':
    optional: true

  '@esbuild/darwin-x64@0.27.2':
    optional: true

  '@esbuild/freebsd-arm64@0.27.2':
    optional: true

  '@esbuild/freebsd-x64@0.27.2':
    optional: true

  '@esbuild/linux-arm64@0.27.2':
    optional: true

  '@esbuild/linux-arm@0.27.2':
    optional: true

  '@esbuild/linux-ia32@0.27.2':
    optional: true

  '@esbuild/linux-loong64@0.27.2':
    optional: true

  '@esbuild/linux-mips64el@0.27.2':
    optional: true

  '@esbuild/linux-ppc64@0.27.2':
    optional: true

  '@esbuild/linux-riscv64@0.27.2':
    optional: true

  '@esbuild/linux-s390x@0.27.2':
    optional: true

  '@esbuild/linux-x64@0.27.2':
    optional: true

  '@esbuild/netbsd-arm64@0.27.2':
    optional: true

  '@esbuild/netbsd-x64@0.27.2':
    optional: true

  '@esbuild/openbsd-arm64@0.27.2':
    optional: true

  '@esbuild/openbsd-x64@0.27.2':
    optional: true

  '@esbuild/openharmony-arm64@0.27.2':
    optional: true

  '@esbuild/sunos-x64@0.27.2':
    optional: true

  '@esbuild/win32-arm64@0.27.2':
    optional: true

  '@esbuild/win32-ia32@0.27.2':
    optional: true

  '@esbuild/win32-x64@0.27.2':
    optional: true

  '@jridgewell/gen-mapping@0.3.13':
    dependencies:
      '@jridgewell/sourcemap-codec': 1.5.5
      '@jridgewell/trace-mapping': 0.3.31

  '@jridgewell/resolve-uri@3.1.2': {}

  '@jridgewell/sourcemap-codec@1.5.5': {}

  '@jridgewell/trace-mapping@0.3.31':
    dependencies:
      '@jridgewell/resolve-uri': 3.1.2
      '@jridgewell/sourcemap-codec': 1.5.5

  '@napi-rs/wasm-runtime@1.1.1':
    dependencies:
      '@emnapi/core': 1.8.1
      '@emnapi/runtime': 1.8.1
      '@tybys/wasm-util': 0.10.1
    optional: true

  '@oxc-project/types@0.110.0': {}

  '@quansync/fs@1.0.0':
    dependencies:
      quansync: 1.0.0

  '@rolldown/binding-android-arm64@1.0.0-rc.1':
    optional: true

  '@rolldown/binding-darwin-arm64@1.0.0-rc.1':
    optional: true

  '@rolldown/binding-darwin-x64@1.0.0-rc.1':
    optional: true

  '@rolldown/binding-freebsd-x64@1.0.0-rc.1':
    optional: true

  '@rolldown/binding-linux-arm-gnueabihf@1.0.0-rc.1':
    optional: true

  '@rolldown/binding-linux-arm64-gnu@1.0.0-rc.1':
    optional: true

  '@rolldown/binding-linux-arm64-musl@1.0.0-rc.1':
    optional: true

  '@rolldown/binding-linux-x64-gnu@1.0.0-rc.1':
    optional: true

  '@rolldown/binding-linux-x64-musl@1.0.0-rc.1':
    optional: true

  '@rolldown/binding-openharmony-arm64@1.0.0-rc.1':
    optional: true

  '@rolldown/binding-wasm32-wasi@1.0.0-rc.1':
    dependencies:
      '@napi-rs/wasm-runtime': 1.1.1
    optional: true

  '@rolldown/binding-win32-arm64-msvc@1.0.0-rc.1':
    optional: true

  '@rolldown/binding-win32-x64-msvc@1.0.0-rc.1':
    optional: true

  '@rolldown/pluginutils@1.0.0-rc.1': {}

  '@tsconfig/node22@22.0.5': {}

  '@tybys/wasm-util@0.10.1':
    dependencies:
      tslib: 2.8.1
    optional: true

  '@types/estree@1.0.8': {}

  '@types/jsesc@2.5.1': {}

  '@types/node@22.19.7':
    dependencies:
      undici-types: 6.21.0

  ansis@4.2.0: {}

  ast-kit@3.0.0-beta.1:
    dependencies:
      '@babel/parser': 8.0.0-beta.4
      estree-walker: 3.0.3
      pathe: 2.0.3

  birpc@4.0.0: {}

  cac@6.7.14: {}

  defu@6.1.4: {}

  dts-resolver@2.1.3: {}

  empathic@2.0.0: {}

  esbuild@0.27.2:
    optionalDependencies:
      '@esbuild/aix-ppc64': 0.27.2
      '@esbuild/android-arm': 0.27.2
      '@esbuild/android-arm64': 0.27.2
      '@esbuild/android-x64': 0.27.2
      '@esbuild/darwin-arm64': 0.27.2
      '@esbuild/darwin-x64': 0.27.2
      '@esbuild/freebsd-arm64': 0.27.2
      '@esbuild/freebsd-x64': 0.27.2
      '@esbuild/linux-arm': 0.27.2
      '@esbuild/linux-arm64': 0.27.2
      '@esbuild/linux-ia32': 0.27.2
      '@esbuild/linux-loong64': 0.27.2
      '@esbuild/linux-mips64el': 0.27.2
      '@esbuild/linux-ppc64': 0.27.2
      '@esbuild/linux-riscv64': 0.27.2
      '@esbuild/linux-s390x': 0.27.2
      '@esbuild/linux-x64': 0.27.2
      '@esbuild/netbsd-arm64': 0.27.2
      '@esbuild/netbsd-x64': 0.27.2
      '@esbuild/openbsd-arm64': 0.27.2
      '@esbuild/openbsd-x64': 0.27.2
      '@esbuild/openharmony-arm64': 0.27.2
      '@esbuild/sunos-x64': 0.27.2
      '@esbuild/win32-arm64': 0.27.2
      '@esbuild/win32-ia32': 0.27.2
      '@esbuild/win32-x64': 0.27.2

  estree-walker@3.0.3:
    dependencies:
      '@types/estree': 1.0.8

  fdir@6.5.0(picomatch@4.0.3):
    optionalDependencies:
      picomatch: 4.0.3

  fsevents@2.3.3:
    optional: true

  get-tsconfig@4.13.0:
    dependencies:
      resolve-pkg-maps: 1.0.0

  hookable@6.0.1: {}

  import-without-cache@0.2.5: {}

  jsesc@3.1.0: {}

  obug@2.1.1: {}

  pathe@2.0.3: {}

  picomatch@4.0.3: {}

  quansync@1.0.0: {}

  resolve-pkg-maps@1.0.0: {}

  rolldown-plugin-dts@0.21.6(rolldown@1.0.0-rc.1)(typescript@5.9.3):
    dependencies:
      '@babel/generator': 8.0.0-beta.4
      '@babel/parser': 8.0.0-beta.4
      '@babel/types': 8.0.0-beta.4
      ast-kit: 3.0.0-beta.1
      birpc: 4.0.0
      dts-resolver: 2.1.3
      get-tsconfig: 4.13.0
      obug: 2.1.1
      rolldown: 1.0.0-rc.1
    optionalDependencies:
      typescript: 5.9.3
    transitivePeerDependencies:
      - oxc-resolver

  rolldown@1.0.0-rc.1:
    dependencies:
      '@oxc-project/types': 0.110.0
      '@rolldown/pluginutils': 1.0.0-rc.1
    optionalDependencies:
      '@rolldown/binding-android-arm64': 1.0.0-rc.1
      '@rolldown/binding-darwin-arm64': 1.0.0-rc.1
      '@rolldown/binding-darwin-x64': 1.0.0-rc.1
      '@rolldown/binding-freebsd-x64': 1.0.0-rc.1
      '@rolldown/binding-linux-arm-gnueabihf': 1.0.0-rc.1
      '@rolldown/binding-linux-arm64-gnu': 1.0.0-rc.1
      '@rolldown/binding-linux-arm64-musl': 1.0.0-rc.1
      '@rolldown/binding-linux-x64-gnu': 1.0.0-rc.1
      '@rolldown/binding-linux-x64-musl': 1.0.0-rc.1
      '@rolldown/binding-openharmony-arm64': 1.0.0-rc.1
      '@rolldown/binding-wasm32-wasi': 1.0.0-rc.1
      '@rolldown/binding-win32-arm64-msvc': 1.0.0-rc.1
      '@rolldown/binding-win32-x64-msvc': 1.0.0-rc.1

  semver@7.7.3: {}

  tinyexec@1.0.2: {}

  tinyglobby@0.2.15:
    dependencies:
      fdir: 6.5.0(picomatch@4.0.3)
      picomatch: 4.0.3

  tree-kill@1.2.2: {}

  tsdown@0.20.1(typescript@5.9.3):
    dependencies:
      ansis: 4.2.0
      cac: 6.7.14
      defu: 6.1.4
      empathic: 2.0.0
      hookable: 6.0.1
      import-without-cache: 0.2.5
      obug: 2.1.1
      picomatch: 4.0.3
      rolldown: 1.0.0-rc.1
      rolldown-plugin-dts: 0.21.6(rolldown@1.0.0-rc.1)(typescript@5.9.3)
      semver: 7.7.3
      tinyexec: 1.0.2
      tinyglobby: 0.2.15
      tree-kill: 1.2.2
      unconfig-core: 7.4.2
      unrun: 0.2.26
    optionalDependencies:
      typescript: 5.9.3
    transitivePeerDependencies:
      - '@ts-macro/tsc'
      - '@typescript/native-preview'
      - oxc-resolver
      - synckit
      - vue-tsc

  tslib@2.8.1:
    optional: true

  tsx@4.21.0:
    dependencies:
      esbuild: 0.27.2
      get-tsconfig: 4.13.0
    optionalDependencies:
      fsevents: 2.3.3

  turbo-darwin-64@2.7.6:
    optional: true

  turbo-darwin-arm64@2.7.6:
    optional: true

  turbo-linux-64@2.7.6:
    optional: true

  turbo-linux-arm64@2.7.6:
    optional: true

  turbo-windows-64@2.7.6:
    optional: true

  turbo-windows-arm64@2.7.6:
    optional: true

  turbo@2.7.6:
    optionalDependencies:
      turbo-darwin-64: 2.7.6
      turbo-darwin-arm64: 2.7.6
      turbo-linux-64: 2.7.6
      turbo-linux-arm64: 2.7.6
      turbo-windows-64: 2.7.6
      turbo-windows-arm64: 2.7.6

  typescript@5.9.3: {}

  unconfig-core@7.4.2:
    dependencies:
      '@quansync/fs': 1.0.0
      quansync: 1.0.0

  undici-types@6.21.0: {}

  unrun@0.2.26:
    dependencies:
      rolldown: 1.0.0-rc.1
